<?xml version="1.0" encoding="UTF-8"?>
<!DOCTYPE plist PUBLIC "-//Apple//DTD PLIST 1.0//EN" "http://www.apple.com/DTDs/PropertyList-1.0.dtd">
<plist version="1.0">
<dict>
	<key>archiveVersion</key>
	<string>1</string>
	<key>classes</key>
	<dict/>
	<key>objectVersion</key>
	<string>46</string>
	<key>objects</key>
	<dict>
		<key>1E8D6BD619A86B83001CFFC8</key>
		<dict>
			<key>children</key>
			<array>
				<string>1E8D6C1A19A86BC8001CFFC8</string>
				<string>1E8D6BE819A86B83001CFFC8</string>
				<string>1E8D6C0A19A86B83001CFFC8</string>
				<string>1E8D6BE119A86B83001CFFC8</string>
				<string>1E8D6BE019A86B83001CFFC8</string>
			</array>
			<key>isa</key>
			<string>PBXGroup</string>
			<key>sourceTree</key>
			<string>&lt;group&gt;</string>
		</dict>
		<key>1E8D6BD719A86B83001CFFC8</key>
		<dict>
			<key>attributes</key>
			<dict>
				<key>CLASSPREFIX</key>
				<string>App</string>
				<key>LastUpgradeCheck</key>
				<string>0510</string>
				<key>ORGANIZATIONNAME</key>
				<string>ShareMerge</string>
				<key>TargetAttributes</key>
				<dict>
					<key>1E8D6C0219A86B83001CFFC8</key>
					<dict>
						<key>TestTargetID</key>
						<string>1E8D6BDE19A86B83001CFFC8</string>
					</dict>
				</dict>
			</dict>
			<key>buildConfigurationList</key>
			<string>1E8D6BDA19A86B83001CFFC8</string>
			<key>compatibilityVersion</key>
			<string>Xcode 3.2</string>
			<key>developmentRegion</key>
			<string>English</string>
			<key>hasScannedForEncodings</key>
			<string>0</string>
			<key>isa</key>
			<string>PBXProject</string>
			<key>knownRegions</key>
			<array>
				<string>en</string>
				<string>Base</string>
			</array>
			<key>mainGroup</key>
			<string>1E8D6BD619A86B83001CFFC8</string>
			<key>productRefGroup</key>
			<string>1E8D6BE019A86B83001CFFC8</string>
			<key>projectDirPath</key>
			<string></string>
			<key>projectReferences</key>
			<array/>
			<key>projectRoot</key>
			<string></string>
			<key>targets</key>
			<array>
				<string>1E8D6BDE19A86B83001CFFC8</string>
				<string>1E8D6C0219A86B83001CFFC8</string>
			</array>
		</dict>
		<key>1E8D6BDA19A86B83001CFFC8</key>
		<dict>
			<key>buildConfigurations</key>
			<array>
				<string>1E8D6C1219A86B83001CFFC8</string>
				<string>1E8D6C1319A86B83001CFFC8</string>
			</array>
			<key>defaultConfigurationIsVisible</key>
			<string>0</string>
			<key>defaultConfigurationName</key>
			<string>Release</string>
			<key>isa</key>
			<string>XCConfigurationList</string>
		</dict>
		<key>1E8D6BDB19A86B83001CFFC8</key>
		<dict>
			<key>buildActionMask</key>
			<string>2147483647</string>
			<key>files</key>
			<array>
				<string>1E8D6BF319A86B83001CFFC8</string>
				<string>1E8D6BFC19A86B83001CFFC8</string>
				<string>1E8D6BEF19A86B83001CFFC8</string>
			</array>
			<key>isa</key>
			<string>PBXSourcesBuildPhase</string>
			<key>runOnlyForDeploymentPostprocessing</key>
			<string>0</string>
		</dict>
		<key>1E8D6BDC19A86B83001CFFC8</key>
		<dict>
			<key>buildActionMask</key>
			<string>2147483647</string>
			<key>files</key>
			<array>
				<string>1E8D6C2019A86BE4001CFFC8</string>
				<string>1E8D6BE519A86B83001CFFC8</string>
				<string>1E8D6C1E19A86BC8001CFFC8</string>
				<string>1E8D6BE719A86B83001CFFC8</string>
				<string>1E8D6BE319A86B83001CFFC8</string>
			</array>
			<key>isa</key>
			<string>PBXFrameworksBuildPhase</string>
			<key>runOnlyForDeploymentPostprocessing</key>
			<string>0</string>
		</dict>
		<key>1E8D6BDD19A86B83001CFFC8</key>
		<dict>
			<key>buildActionMask</key>
			<string>2147483647</string>
			<key>files</key>
			<array>
				<string>1E8D6BF919A86B83001CFFC8</string>
				<string>1E8D6BFE19A86B83001CFFC8</string>
				<string>1E8D6BF619A86B83001CFFC8</string>
				<string>1E8D6BED19A86B83001CFFC8</string>
			</array>
			<key>isa</key>
			<string>PBXResourcesBuildPhase</string>
			<key>runOnlyForDeploymentPostprocessing</key>
			<string>0</string>
		</dict>
		<key>1E8D6BDE19A86B83001CFFC8</key>
		<dict>
			<key>buildConfigurationList</key>
			<string>1E8D6C1419A86B83001CFFC8</string>
			<key>buildPhases</key>
			<array>
				<string>1E8D6BDB19A86B83001CFFC8</string>
				<string>1E8D6BDC19A86B83001CFFC8</string>
				<string>1E8D6BDD19A86B83001CFFC8</string>
			</array>
			<key>buildRules</key>
			<array/>
			<key>dependencies</key>
			<array/>
			<key>isa</key>
			<string>PBXNativeTarget</string>
			<key>name</key>
			<string>AccessoriesComponentsDemo</string>
			<key>productName</key>
			<string>AccessoriesComponentsDemo</string>
			<key>productReference</key>
			<string>1E8D6BDF19A86B83001CFFC8</string>
			<key>productType</key>
			<string>com.apple.product-type.application</string>
		</dict>
		<key>1E8D6BDF19A86B83001CFFC8</key>
		<dict>
			<key>explicitFileType</key>
			<string>wrapper.application</string>
			<key>includeInIndex</key>
			<string>0</string>
			<key>isa</key>
			<string>PBXFileReference</string>
			<key>path</key>
			<string>AccessoriesComponentsDemo.app</string>
			<key>sourceTree</key>
			<string>BUILT_PRODUCTS_DIR</string>
		</dict>
		<key>1E8D6BE019A86B83001CFFC8</key>
		<dict>
			<key>children</key>
			<array>
				<string>1E8D6BDF19A86B83001CFFC8</string>
				<string>1E8D6C0319A86B83001CFFC8</string>
			</array>
			<key>isa</key>
			<string>PBXGroup</string>
			<key>name</key>
			<string>Products</string>
			<key>sourceTree</key>
			<string>&lt;group&gt;</string>
		</dict>
		<key>1E8D6BE119A86B83001CFFC8</key>
		<dict>
			<key>children</key>
			<array>
				<string>1E8D6C1F19A86BE4001CFFC8</string>
				<string>1E8D6BE219A86B83001CFFC8</string>
				<string>1E8D6BE419A86B83001CFFC8</string>
				<string>1E8D6BE619A86B83001CFFC8</string>
				<string>1E8D6C0419A86B83001CFFC8</string>
			</array>
			<key>isa</key>
			<string>PBXGroup</string>
			<key>name</key>
			<string>Frameworks</string>
			<key>sourceTree</key>
			<string>&lt;group&gt;</string>
		</dict>
		<key>1E8D6BE219A86B83001CFFC8</key>
		<dict>
			<key>isa</key>
			<string>PBXFileReference</string>
			<key>lastKnownFileType</key>
			<string>wrapper.framework</string>
			<key>name</key>
			<string>Foundation.framework</string>
			<key>path</key>
			<string>System/Library/Frameworks/Foundation.framework</string>
			<key>sourceTree</key>
			<string>SDKROOT</string>
		</dict>
		<key>1E8D6BE319A86B83001CFFC8</key>
		<dict>
			<key>fileRef</key>
			<string>1E8D6BE219A86B83001CFFC8</string>
			<key>isa</key>
			<string>PBXBuildFile</string>
		</dict>
		<key>1E8D6BE419A86B83001CFFC8</key>
		<dict>
			<key>isa</key>
			<string>PBXFileReference</string>
			<key>lastKnownFileType</key>
			<string>wrapper.framework</string>
			<key>name</key>
			<string>CoreGraphics.framework</string>
			<key>path</key>
			<string>System/Library/Frameworks/CoreGraphics.framework</string>
			<key>sourceTree</key>
			<string>SDKROOT</string>
		</dict>
		<key>1E8D6BE519A86B83001CFFC8</key>
		<dict>
			<key>fileRef</key>
			<string>1E8D6BE419A86B83001CFFC8</string>
			<key>isa</key>
			<string>PBXBuildFile</string>
		</dict>
		<key>1E8D6BE619A86B83001CFFC8</key>
		<dict>
			<key>isa</key>
			<string>PBXFileReference</string>
			<key>lastKnownFileType</key>
			<string>wrapper.framework</string>
			<key>name</key>
			<string>UIKit.framework</string>
			<key>path</key>
			<string>System/Library/Frameworks/UIKit.framework</string>
			<key>sourceTree</key>
			<string>SDKROOT</string>
		</dict>
		<key>1E8D6BE719A86B83001CFFC8</key>
		<dict>
			<key>fileRef</key>
			<string>1E8D6BE619A86B83001CFFC8</string>
			<key>isa</key>
			<string>PBXBuildFile</string>
		</dict>
		<key>1E8D6BE819A86B83001CFFC8</key>
		<dict>
			<key>children</key>
			<array>
				<string>1E8D6BF119A86B83001CFFC8</string>
				<string>1E8D6BF219A86B83001CFFC8</string>
				<string>1E8D6BF419A86B83001CFFC8</string>
				<string>1E8D6BF719A86B83001CFFC8</string>
				<string>1E8D6BFA19A86B83001CFFC8</string>
				<string>1E8D6BFB19A86B83001CFFC8</string>
				<string>1E8D6BFD19A86B83001CFFC8</string>
				<string>1E8D6BE919A86B83001CFFC8</string>
			</array>
			<key>isa</key>
			<string>PBXGroup</string>
			<key>path</key>
			<string>AccessoriesComponentsDemo</string>
			<key>sourceTree</key>
			<string>&lt;group&gt;</string>
		</dict>
		<key>1E8D6BE919A86B83001CFFC8</key>
		<dict>
			<key>children</key>
			<array>
				<string>1E8D6BEA19A86B83001CFFC8</string>
				<string>1E8D6BEB19A86B83001CFFC8</string>
				<string>1E8D6BEE19A86B83001CFFC8</string>
				<string>1E8D6BF019A86B83001CFFC8</string>
			</array>
			<key>isa</key>
			<string>PBXGroup</string>
			<key>name</key>
			<string>Supporting Files</string>
			<key>path</key>
			<string>Supporting Files</string>
			<key>sourceTree</key>
			<string>&lt;group&gt;</string>
		</dict>
		<key>1E8D6BEA19A86B83001CFFC8</key>
		<dict>
			<key>isa</key>
			<string>PBXFileReference</string>
			<key>lastKnownFileType</key>
			<string>text.plist.xml</string>
			<key>path</key>
			<string>AccessoriesComponentsDemo-Info.plist</string>
			<key>sourceTree</key>
			<string>&lt;group&gt;</string>
		</dict>
		<key>1E8D6BEB19A86B83001CFFC8</key>
		<dict>
			<key>children</key>
			<array>
				<string>1E8D6BEC19A86B83001CFFC8</string>
			</array>
			<key>isa</key>
			<string>PBXVariantGroup</string>
			<key>name</key>
			<string>InfoPlist.strings</string>
			<key>sourceTree</key>
			<string>&lt;group&gt;</string>
		</dict>
		<key>1E8D6BEC19A86B83001CFFC8</key>
		<dict>
			<key>isa</key>
			<string>PBXFileReference</string>
			<key>lastKnownFileType</key>
			<string>text.plist.strings</string>
			<key>name</key>
			<string>en</string>
			<key>path</key>
			<string>en.lproj/InfoPlist.strings</string>
			<key>sourceTree</key>
			<string>&lt;group&gt;</string>
		</dict>
		<key>1E8D6BED19A86B83001CFFC8</key>
		<dict>
			<key>fileRef</key>
			<string>1E8D6BEB19A86B83001CFFC8</string>
			<key>isa</key>
			<string>PBXBuildFile</string>
		</dict>
		<key>1E8D6BEE19A86B83001CFFC8</key>
		<dict>
			<key>isa</key>
			<string>PBXFileReference</string>
			<key>lastKnownFileType</key>
			<string>sourcecode.c.objc</string>
			<key>path</key>
			<string>main.m</string>
			<key>sourceTree</key>
			<string>&lt;group&gt;</string>
		</dict>
		<key>1E8D6BEF19A86B83001CFFC8</key>
		<dict>
			<key>fileRef</key>
			<string>1E8D6BEE19A86B83001CFFC8</string>
			<key>isa</key>
			<string>PBXBuildFile</string>
		</dict>
		<key>1E8D6BF019A86B83001CFFC8</key>
		<dict>
			<key>isa</key>
			<string>PBXFileReference</string>
			<key>lastKnownFileType</key>
			<string>sourcecode.c.h</string>
			<key>path</key>
			<string>AccessoriesComponentsDemo-Prefix.pch</string>
			<key>sourceTree</key>
			<string>&lt;group&gt;</string>
		</dict>
		<key>1E8D6BF119A86B83001CFFC8</key>
		<dict>
			<key>isa</key>
			<string>PBXFileReference</string>
			<key>lastKnownFileType</key>
			<string>sourcecode.c.h</string>
			<key>path</key>
			<string>AppAppDelegate.h</string>
			<key>sourceTree</key>
			<string>&lt;group&gt;</string>
		</dict>
		<key>1E8D6BF219A86B83001CFFC8</key>
		<dict>
			<key>isa</key>
			<string>PBXFileReference</string>
			<key>lastKnownFileType</key>
			<string>sourcecode.c.objc</string>
			<key>path</key>
			<string>AppAppDelegate.m</string>
			<key>sourceTree</key>
			<string>&lt;group&gt;</string>
		</dict>
		<key>1E8D6BF319A86B83001CFFC8</key>
		<dict>
			<key>fileRef</key>
			<string>1E8D6BF219A86B83001CFFC8</string>
			<key>isa</key>
			<string>PBXBuildFile</string>
		</dict>
		<key>1E8D6BF419A86B83001CFFC8</key>
		<dict>
			<key>children</key>
			<array>
				<string>1E8D6BF519A86B83001CFFC8</string>
			</array>
			<key>isa</key>
			<string>PBXVariantGroup</string>
			<key>name</key>
			<string>Main_iPhone.storyboard</string>
			<key>sourceTree</key>
			<string>&lt;group&gt;</string>
		</dict>
		<key>1E8D6BF519A86B83001CFFC8</key>
		<dict>
			<key>isa</key>
			<string>PBXFileReference</string>
			<key>lastKnownFileType</key>
			<string>file.storyboard</string>
			<key>name</key>
			<string>Base</string>
			<key>path</key>
			<string>Base.lproj/Main_iPhone.storyboard</string>
			<key>sourceTree</key>
			<string>&lt;group&gt;</string>
		</dict>
		<key>1E8D6BF619A86B83001CFFC8</key>
		<dict>
			<key>fileRef</key>
			<string>1E8D6BF419A86B83001CFFC8</string>
			<key>isa</key>
			<string>PBXBuildFile</string>
		</dict>
		<key>1E8D6BF719A86B83001CFFC8</key>
		<dict>
			<key>children</key>
			<array>
				<string>1E8D6BF819A86B83001CFFC8</string>
			</array>
			<key>isa</key>
			<string>PBXVariantGroup</string>
			<key>name</key>
			<string>Main_iPad.storyboard</string>
			<key>sourceTree</key>
			<string>&lt;group&gt;</string>
		</dict>
		<key>1E8D6BF819A86B83001CFFC8</key>
		<dict>
			<key>isa</key>
			<string>PBXFileReference</string>
			<key>lastKnownFileType</key>
			<string>file.storyboard</string>
			<key>name</key>
			<string>Base</string>
			<key>path</key>
			<string>Base.lproj/Main_iPad.storyboard</string>
			<key>sourceTree</key>
			<string>&lt;group&gt;</string>
		</dict>
		<key>1E8D6BF919A86B83001CFFC8</key>
		<dict>
			<key>fileRef</key>
			<string>1E8D6BF719A86B83001CFFC8</string>
			<key>isa</key>
			<string>PBXBuildFile</string>
		</dict>
		<key>1E8D6BFA19A86B83001CFFC8</key>
		<dict>
			<key>isa</key>
			<string>PBXFileReference</string>
			<key>lastKnownFileType</key>
			<string>sourcecode.c.h</string>
			<key>path</key>
			<string>AppViewController.h</string>
			<key>sourceTree</key>
			<string>&lt;group&gt;</string>
		</dict>
		<key>1E8D6BFB19A86B83001CFFC8</key>
		<dict>
			<key>isa</key>
			<string>PBXFileReference</string>
			<key>lastKnownFileType</key>
			<string>sourcecode.c.objc</string>
			<key>path</key>
			<string>AppViewController.m</string>
			<key>sourceTree</key>
			<string>&lt;group&gt;</string>
		</dict>
		<key>1E8D6BFC19A86B83001CFFC8</key>
		<dict>
			<key>fileRef</key>
			<string>1E8D6BFB19A86B83001CFFC8</string>
			<key>isa</key>
			<string>PBXBuildFile</string>
		</dict>
		<key>1E8D6BFD19A86B83001CFFC8</key>
		<dict>
			<key>isa</key>
			<string>PBXFileReference</string>
			<key>lastKnownFileType</key>
			<string>folder.assetcatalog</string>
			<key>path</key>
			<string>Images.xcassets</string>
			<key>sourceTree</key>
			<string>&lt;group&gt;</string>
		</dict>
		<key>1E8D6BFE19A86B83001CFFC8</key>
		<dict>
			<key>fileRef</key>
			<string>1E8D6BFD19A86B83001CFFC8</string>
			<key>isa</key>
			<string>PBXBuildFile</string>
		</dict>
		<key>1E8D6BFF19A86B83001CFFC8</key>
		<dict>
			<key>buildActionMask</key>
			<string>2147483647</string>
			<key>files</key>
			<array>
				<string>1E8D6C1119A86B83001CFFC8</string>
			</array>
			<key>isa</key>
			<string>PBXSourcesBuildPhase</string>
			<key>runOnlyForDeploymentPostprocessing</key>
			<string>0</string>
		</dict>
		<key>1E8D6C0019A86B83001CFFC8</key>
		<dict>
			<key>buildActionMask</key>
			<string>2147483647</string>
			<key>files</key>
			<array>
				<string>1E8D6C0519A86B83001CFFC8</string>
				<string>1E8D6C0719A86B83001CFFC8</string>
				<string>1E8D6C0619A86B83001CFFC8</string>
			</array>
			<key>isa</key>
			<string>PBXFrameworksBuildPhase</string>
			<key>runOnlyForDeploymentPostprocessing</key>
			<string>0</string>
		</dict>
		<key>1E8D6C0119A86B83001CFFC8</key>
		<dict>
			<key>buildActionMask</key>
			<string>2147483647</string>
			<key>files</key>
			<array>
				<string>1E8D6C0F19A86B83001CFFC8</string>
			</array>
			<key>isa</key>
			<string>PBXResourcesBuildPhase</string>
			<key>runOnlyForDeploymentPostprocessing</key>
			<string>0</string>
		</dict>
		<key>1E8D6C0219A86B83001CFFC8</key>
		<dict>
			<key>buildConfigurationList</key>
			<string>1E8D6C1719A86B83001CFFC8</string>
			<key>buildPhases</key>
			<array>
				<string>1E8D6BFF19A86B83001CFFC8</string>
				<string>1E8D6C0019A86B83001CFFC8</string>
				<string>1E8D6C0119A86B83001CFFC8</string>
			</array>
			<key>buildRules</key>
			<array/>
			<key>dependencies</key>
			<array>
				<string>1E8D6C0919A86B83001CFFC8</string>
			</array>
			<key>isa</key>
			<string>PBXNativeTarget</string>
			<key>name</key>
			<string>AccessoriesComponentsDemoTests</string>
			<key>productName</key>
			<string>AccessoriesComponentsDemoTests</string>
			<key>productReference</key>
			<string>1E8D6C0319A86B83001CFFC8</string>
			<key>productType</key>
			<string>com.apple.product-type.bundle.unit-test</string>
		</dict>
		<key>1E8D6C0319A86B83001CFFC8</key>
		<dict>
			<key>explicitFileType</key>
			<string>wrapper.cfbundle</string>
			<key>includeInIndex</key>
			<string>0</string>
			<key>isa</key>
			<string>PBXFileReference</string>
			<key>path</key>
			<string>AccessoriesComponentsDemoTests.xctest</string>
			<key>sourceTree</key>
			<string>BUILT_PRODUCTS_DIR</string>
		</dict>
		<key>1E8D6C0419A86B83001CFFC8</key>
		<dict>
			<key>isa</key>
			<string>PBXFileReference</string>
			<key>lastKnownFileType</key>
			<string>wrapper.framework</string>
			<key>name</key>
			<string>XCTest.framework</string>
			<key>path</key>
			<string>Library/Frameworks/XCTest.framework</string>
			<key>sourceTree</key>
			<string>DEVELOPER_DIR</string>
		</dict>
		<key>1E8D6C0519A86B83001CFFC8</key>
		<dict>
			<key>fileRef</key>
			<string>1E8D6C0419A86B83001CFFC8</string>
			<key>isa</key>
			<string>PBXBuildFile</string>
		</dict>
		<key>1E8D6C0619A86B83001CFFC8</key>
		<dict>
			<key>fileRef</key>
			<string>1E8D6BE219A86B83001CFFC8</string>
			<key>isa</key>
			<string>PBXBuildFile</string>
		</dict>
		<key>1E8D6C0719A86B83001CFFC8</key>
		<dict>
			<key>fileRef</key>
			<string>1E8D6BE619A86B83001CFFC8</string>
			<key>isa</key>
			<string>PBXBuildFile</string>
		</dict>
		<key>1E8D6C0819A86B83001CFFC8</key>
		<dict>
			<key>containerPortal</key>
			<string>1E8D6BD719A86B83001CFFC8</string>
			<key>isa</key>
			<string>PBXContainerItemProxy</string>
			<key>proxyType</key>
			<string>1</string>
			<key>remoteGlobalIDString</key>
			<string>1E8D6BDE19A86B83001CFFC8</string>
			<key>remoteInfo</key>
			<string>AccessoriesComponentsDemo</string>
		</dict>
		<key>1E8D6C0919A86B83001CFFC8</key>
		<dict>
			<key>isa</key>
			<string>PBXTargetDependency</string>
			<key>target</key>
			<string>1E8D6BDE19A86B83001CFFC8</string>
			<key>targetProxy</key>
			<string>1E8D6C0819A86B83001CFFC8</string>
		</dict>
		<key>1E8D6C0A19A86B83001CFFC8</key>
		<dict>
			<key>children</key>
			<array>
				<string>1E8D6C1019A86B83001CFFC8</string>
				<string>1E8D6C0B19A86B83001CFFC8</string>
			</array>
			<key>isa</key>
			<string>PBXGroup</string>
			<key>path</key>
			<string>AccessoriesComponentsDemoTests</string>
			<key>sourceTree</key>
			<string>&lt;group&gt;</string>
		</dict>
		<key>1E8D6C0B19A86B83001CFFC8</key>
		<dict>
			<key>children</key>
			<array>
				<string>1E8D6C0C19A86B83001CFFC8</string>
				<string>1E8D6C0D19A86B83001CFFC8</string>
			</array>
			<key>isa</key>
			<string>PBXGroup</string>
			<key>name</key>
			<string>Supporting Files</string>
			<key>path</key>
			<string>Supporting Files</string>
			<key>sourceTree</key>
			<string>&lt;group&gt;</string>
		</dict>
		<key>1E8D6C0C19A86B83001CFFC8</key>
		<dict>
			<key>isa</key>
			<string>PBXFileReference</string>
			<key>lastKnownFileType</key>
			<string>text.plist.xml</string>
			<key>path</key>
			<string>AccessoriesComponentsDemoTests-Info.plist</string>
			<key>sourceTree</key>
			<string>&lt;group&gt;</string>
		</dict>
		<key>1E8D6C0D19A86B83001CFFC8</key>
		<dict>
			<key>children</key>
			<array>
				<string>1E8D6C0E19A86B83001CFFC8</string>
			</array>
			<key>isa</key>
			<string>PBXVariantGroup</string>
			<key>name</key>
			<string>InfoPlist.strings</string>
			<key>sourceTree</key>
			<string>&lt;group&gt;</string>
		</dict>
		<key>1E8D6C0E19A86B83001CFFC8</key>
		<dict>
			<key>isa</key>
			<string>PBXFileReference</string>
			<key>lastKnownFileType</key>
			<string>text.plist.strings</string>
			<key>name</key>
			<string>en</string>
			<key>path</key>
			<string>en.lproj/InfoPlist.strings</string>
			<key>sourceTree</key>
			<string>&lt;group&gt;</string>
		</dict>
		<key>1E8D6C0F19A86B83001CFFC8</key>
		<dict>
			<key>fileRef</key>
			<string>1E8D6C0D19A86B83001CFFC8</string>
			<key>isa</key>
			<string>PBXBuildFile</string>
		</dict>
		<key>1E8D6C1019A86B83001CFFC8</key>
		<dict>
			<key>isa</key>
			<string>PBXFileReference</string>
			<key>lastKnownFileType</key>
			<string>sourcecode.c.objc</string>
			<key>path</key>
			<string>AccessoriesComponentsDemoTests.m</string>
			<key>sourceTree</key>
			<string>&lt;group&gt;</string>
		</dict>
		<key>1E8D6C1119A86B83001CFFC8</key>
		<dict>
			<key>fileRef</key>
			<string>1E8D6C1019A86B83001CFFC8</string>
			<key>isa</key>
			<string>PBXBuildFile</string>
		</dict>
		<key>1E8D6C1219A86B83001CFFC8</key>
		<dict>
			<key>buildSettings</key>
			<dict>
				<key>ALWAYS_SEARCH_USER_PATHS</key>
				<string>NO</string>
				<key>CLANG_CXX_LANGUAGE_STANDARD</key>
				<string>gnu++0x</string>
				<key>CLANG_CXX_LIBRARY</key>
				<string>libc++</string>
				<key>CLANG_ENABLE_MODULES</key>
				<string>YES</string>
				<key>CLANG_ENABLE_OBJC_ARC</key>
				<string>YES</string>
				<key>CLANG_WARN_BOOL_CONVERSION</key>
				<string>YES</string>
				<key>CLANG_WARN_CONSTANT_CONVERSION</key>
				<string>YES</string>
				<key>CLANG_WARN_DIRECT_OBJC_ISA_USAGE</key>
				<string>YES_ERROR</string>
				<key>CLANG_WARN_EMPTY_BODY</key>
				<string>YES</string>
				<key>CLANG_WARN_ENUM_CONVERSION</key>
				<string>YES</string>
				<key>CLANG_WARN_INT_CONVERSION</key>
				<string>YES</string>
				<key>CLANG_WARN_OBJC_ROOT_CLASS</key>
				<string>YES_ERROR</string>
				<key>CLANG_WARN__DUPLICATE_METHOD_MATCH</key>
				<string>YES</string>
				<key>CODE_SIGN_IDENTITY[sdk=iphoneos*]</key>
				<string>iPhone Developer</string>
				<key>COPY_PHASE_STRIP</key>
				<string>NO</string>
				<key>GCC_C_LANGUAGE_STANDARD</key>
				<string>gnu99</string>
				<key>GCC_DYNAMIC_NO_PIC</key>
				<string>NO</string>
				<key>GCC_OPTIMIZATION_LEVEL</key>
				<string>0</string>
				<key>GCC_PREPROCESSOR_DEFINITIONS</key>
				<array>
					<string>DEBUG=1</string>
					<string>$(inherited)</string>
				</array>
				<key>GCC_SYMBOLS_PRIVATE_EXTERN</key>
				<string>NO</string>
				<key>GCC_WARN_64_TO_32_BIT_CONVERSION</key>
				<string>YES</string>
				<key>GCC_WARN_ABOUT_RETURN_TYPE</key>
				<string>YES_ERROR</string>
				<key>GCC_WARN_UNDECLARED_SELECTOR</key>
				<string>YES</string>
				<key>GCC_WARN_UNINITIALIZED_AUTOS</key>
				<string>YES_AGGRESSIVE</string>
				<key>GCC_WARN_UNUSED_FUNCTION</key>
				<string>YES</string>
				<key>GCC_WARN_UNUSED_VARIABLE</key>
				<string>YES</string>
				<key>IPHONEOS_DEPLOYMENT_TARGET</key>
				<string>7.1</string>
				<key>ONLY_ACTIVE_ARCH</key>
				<string>YES</string>
				<key>SDKROOT</key>
				<string>iphoneos</string>
				<key>TARGETED_DEVICE_FAMILY</key>
				<string>1,2</string>
			</dict>
			<key>isa</key>
			<string>XCBuildConfiguration</string>
			<key>name</key>
			<string>Debug</string>
		</dict>
		<key>1E8D6C1319A86B83001CFFC8</key>
		<dict>
			<key>buildSettings</key>
			<dict>
				<key>ALWAYS_SEARCH_USER_PATHS</key>
				<string>NO</string>
				<key>CLANG_CXX_LANGUAGE_STANDARD</key>
				<string>gnu++0x</string>
				<key>CLANG_CXX_LIBRARY</key>
				<string>libc++</string>
				<key>CLANG_ENABLE_MODULES</key>
				<string>YES</string>
				<key>CLANG_ENABLE_OBJC_ARC</key>
				<string>YES</string>
				<key>CLANG_WARN_BOOL_CONVERSION</key>
				<string>YES</string>
				<key>CLANG_WARN_CONSTANT_CONVERSION</key>
				<string>YES</string>
				<key>CLANG_WARN_DIRECT_OBJC_ISA_USAGE</key>
				<string>YES_ERROR</string>
				<key>CLANG_WARN_EMPTY_BODY</key>
				<string>YES</string>
				<key>CLANG_WARN_ENUM_CONVERSION</key>
				<string>YES</string>
				<key>CLANG_WARN_INT_CONVERSION</key>
				<string>YES</string>
				<key>CLANG_WARN_OBJC_ROOT_CLASS</key>
				<string>YES_ERROR</string>
				<key>CLANG_WARN__DUPLICATE_METHOD_MATCH</key>
				<string>YES</string>
				<key>CODE_SIGN_IDENTITY[sdk=iphoneos*]</key>
				<string>iPhone Developer</string>
				<key>COPY_PHASE_STRIP</key>
				<string>YES</string>
				<key>ENABLE_NS_ASSERTIONS</key>
				<string>NO</string>
				<key>GCC_C_LANGUAGE_STANDARD</key>
				<string>gnu99</string>
				<key>GCC_WARN_64_TO_32_BIT_CONVERSION</key>
				<string>YES</string>
				<key>GCC_WARN_ABOUT_RETURN_TYPE</key>
				<string>YES_ERROR</string>
				<key>GCC_WARN_UNDECLARED_SELECTOR</key>
				<string>YES</string>
				<key>GCC_WARN_UNINITIALIZED_AUTOS</key>
				<string>YES_AGGRESSIVE</string>
				<key>GCC_WARN_UNUSED_FUNCTION</key>
				<string>YES</string>
				<key>GCC_WARN_UNUSED_VARIABLE</key>
				<string>YES</string>
				<key>IPHONEOS_DEPLOYMENT_TARGET</key>
				<string>7.1</string>
				<key>SDKROOT</key>
				<string>iphoneos</string>
				<key>TARGETED_DEVICE_FAMILY</key>
				<string>1,2</string>
				<key>VALIDATE_PRODUCT</key>
				<string>YES</string>
			</dict>
			<key>isa</key>
			<string>XCBuildConfiguration</string>
			<key>name</key>
			<string>Release</string>
		</dict>
		<key>1E8D6C1419A86B83001CFFC8</key>
		<dict>
			<key>buildConfigurations</key>
			<array>
				<string>1E8D6C1519A86B83001CFFC8</string>
				<string>1E8D6C1619A86B83001CFFC8</string>
			</array>
			<key>defaultConfigurationIsVisible</key>
			<string>0</string>
			<key>defaultConfigurationName</key>
			<string>Release</string>
			<key>isa</key>
			<string>XCConfigurationList</string>
		</dict>
		<key>1E8D6C1519A86B83001CFFC8</key>
		<dict>
			<key>buildSettings</key>
			<dict>
				<key>ASSETCATALOG_COMPILER_APPICON_NAME</key>
				<string>AppIcon</string>
				<key>ASSETCATALOG_COMPILER_LAUNCHIMAGE_NAME</key>
				<string>LaunchImage</string>
				<key>GCC_PRECOMPILE_PREFIX_HEADER</key>
				<string>YES</string>
				<key>GCC_PREFIX_HEADER</key>
				<string>AccessoriesComponentsDemo/Supporting Files/AccessoriesComponentsDemo-Prefix.pch</string>
				<key>INFOPLIST_FILE</key>
				<string>AccessoriesComponentsDemo/Supporting Files/AccessoriesComponentsDemo-Info.plist</string>
				<key>LIBRARY_SEARCH_PATHS</key>
				<array>
					<string>$(inherited)</string>
					<string>/Users/huangxinping/Desktop/AccessoriesComponents/SDKs/APNS</string>
				</array>
				<key>PRODUCT_NAME</key>
				<string>$(TARGET_NAME)</string>
				<key>WRAPPER_EXTENSION</key>
				<string>app</string>
			</dict>
			<key>isa</key>
			<string>XCBuildConfiguration</string>
			<key>name</key>
			<string>Debug</string>
		</dict>
		<key>1E8D6C1619A86B83001CFFC8</key>
		<dict>
			<key>buildSettings</key>
			<dict>
				<key>ASSETCATALOG_COMPILER_APPICON_NAME</key>
				<string>AppIcon</string>
				<key>ASSETCATALOG_COMPILER_LAUNCHIMAGE_NAME</key>
				<string>LaunchImage</string>
				<key>GCC_PRECOMPILE_PREFIX_HEADER</key>
				<string>YES</string>
				<key>GCC_PREFIX_HEADER</key>
				<string>AccessoriesComponentsDemo/Supporting Files/AccessoriesComponentsDemo-Prefix.pch</string>
				<key>INFOPLIST_FILE</key>
				<string>AccessoriesComponentsDemo/Supporting Files/AccessoriesComponentsDemo-Info.plist</string>
				<key>LIBRARY_SEARCH_PATHS</key>
				<array>
					<string>$(inherited)</string>
					<string>/Users/huangxinping/Desktop/AccessoriesComponents/SDKs/APNS</string>
				</array>
				<key>PRODUCT_NAME</key>
				<string>$(TARGET_NAME)</string>
				<key>WRAPPER_EXTENSION</key>
				<string>app</string>
			</dict>
			<key>isa</key>
			<string>XCBuildConfiguration</string>
			<key>name</key>
			<string>Release</string>
		</dict>
		<key>1E8D6C1719A86B83001CFFC8</key>
		<dict>
			<key>buildConfigurations</key>
			<array>
				<string>1E8D6C1819A86B83001CFFC8</string>
				<string>1E8D6C1919A86B83001CFFC8</string>
			</array>
			<key>defaultConfigurationIsVisible</key>
			<string>0</string>
			<key>defaultConfigurationName</key>
			<string>Release</string>
			<key>isa</key>
			<string>XCConfigurationList</string>
		</dict>
		<key>1E8D6C1819A86B83001CFFC8</key>
		<dict>
			<key>buildSettings</key>
			<dict>
				<key>BUNDLE_LOADER</key>
				<string>$(BUILT_PRODUCTS_DIR)/AccessoriesComponentsDemo.app/AccessoriesComponentsDemo</string>
				<key>FRAMEWORK_SEARCH_PATHS</key>
				<array>
					<string>$(SDKROOT)/Developer/Library/Frameworks</string>
					<string>$(inherited)</string>
					<string>$(DEVELOPER_FRAMEWORKS_DIR)</string>
				</array>
				<key>GCC_PRECOMPILE_PREFIX_HEADER</key>
				<string>YES</string>
				<key>GCC_PREFIX_HEADER</key>
				<string>AccessoriesComponentsDemo/Supporting Files/AccessoriesComponentsDemo-Prefix.pch</string>
				<key>GCC_PREPROCESSOR_DEFINITIONS</key>
				<array>
					<string>DEBUG=1</string>
					<string>$(inherited)</string>
				</array>
				<key>INFOPLIST_FILE</key>
				<string>AccessoriesComponentsDemoTests/Supporting Files/AccessoriesComponentsDemoTests-Info.plist</string>
				<key>PRODUCT_NAME</key>
				<string>$(TARGET_NAME)</string>
				<key>TEST_HOST</key>
				<string>$(BUNDLE_LOADER)</string>
				<key>WRAPPER_EXTENSION</key>
				<string>xctest</string>
			</dict>
			<key>isa</key>
			<string>XCBuildConfiguration</string>
			<key>name</key>
			<string>Debug</string>
		</dict>
		<key>1E8D6C1919A86B83001CFFC8</key>
		<dict>
			<key>buildSettings</key>
			<dict>
				<key>BUNDLE_LOADER</key>
				<string>$(BUILT_PRODUCTS_DIR)/AccessoriesComponentsDemo.app/AccessoriesComponentsDemo</string>
				<key>FRAMEWORK_SEARCH_PATHS</key>
				<array>
					<string>$(SDKROOT)/Developer/Library/Frameworks</string>
					<string>$(inherited)</string>
					<string>$(DEVELOPER_FRAMEWORKS_DIR)</string>
				</array>
				<key>GCC_PRECOMPILE_PREFIX_HEADER</key>
				<string>YES</string>
				<key>GCC_PREFIX_HEADER</key>
				<string>AccessoriesComponentsDemo/Supporting Files/AccessoriesComponentsDemo-Prefix.pch</string>
				<key>INFOPLIST_FILE</key>
				<string>AccessoriesComponentsDemoTests/Supporting Files/AccessoriesComponentsDemoTests-Info.plist</string>
				<key>PRODUCT_NAME</key>
				<string>$(TARGET_NAME)</string>
				<key>TEST_HOST</key>
				<string>$(BUNDLE_LOADER)</string>
				<key>WRAPPER_EXTENSION</key>
				<string>xctest</string>
			</dict>
			<key>isa</key>
			<string>XCBuildConfiguration</string>
			<key>name</key>
			<string>Release</string>
		</dict>
		<key>1E8D6C1A19A86BC8001CFFC8</key>
		<dict>
			<key>children</key>
			<array>
				<string>1E8D6C1B19A86BC8001CFFC8</string>
			</array>
			<key>isa</key>
			<string>PBXGroup</string>
			<key>name</key>
			<string>SDKs</string>
			<key>path</key>
			<string>SDKs</string>
			<key>sourceTree</key>
			<string>&lt;group&gt;</string>
		</dict>
		<key>1E8D6C1B19A86BC8001CFFC8</key>
		<dict>
			<key>children</key>
			<array>
				<string>1E8D6C1C19A86BC8001CFFC8</string>
				<string>1E8D6C1D19A86BC8001CFFC8</string>
			</array>
			<key>isa</key>
			<string>PBXGroup</string>
			<key>path</key>
			<string>APNS</string>
			<key>sourceTree</key>
			<string>&lt;group&gt;</string>
		</dict>
		<key>1E8D6C1C19A86BC8001CFFC8</key>
		<dict>
			<key>isa</key>
			<string>PBXFileReference</string>
			<key>lastKnownFileType</key>
			<string>archive.ar</string>
			<key>path</key>
			<string>libUMessage_Sdk_1.1.0.a</string>
			<key>sourceTree</key>
			<string>&lt;group&gt;</string>
		</dict>
		<key>1E8D6C1D19A86BC8001CFFC8</key>
		<dict>
			<key>fileEncoding</key>
			<string>4</string>
			<key>isa</key>
			<string>PBXFileReference</string>
			<key>lastKnownFileType</key>
			<string>sourcecode.c.h</string>
			<key>path</key>
			<string>UMessage.h</string>
			<key>sourceTree</key>
			<string>&lt;group&gt;</string>
		</dict>
		<key>1E8D6C1E19A86BC8001CFFC8</key>
		<dict>
			<key>fileRef</key>
			<string>1E8D6C1C19A86BC8001CFFC8</string>
			<key>isa</key>
			<string>PBXBuildFile</string>
		</dict>
		<key>1E8D6C1F19A86BE4001CFFC8</key>
		<dict>
			<key>isa</key>
			<string>PBXFileReference</string>
			<key>lastKnownFileType</key>
			<string>wrapper.framework</string>
			<key>name</key>
			<string>CoreLocation.framework</string>
			<key>path</key>
			<string>System/Library/Frameworks/CoreLocation.framework</string>
			<key>sourceTree</key>
			<string>SDKROOT</string>
		</dict>
		<key>1E8D6C2019A86BE4001CFFC8</key>
		<dict>
			<key>fileRef</key>
			<string>1E8D6C1F19A86BE4001CFFC8</string>
			<key>isa</key>
			<string>PBXBuildFile</string>
		</dict>
	</dict>
	<key>rootObject</key>
	<string>1E8D6BD719A86B83001CFFC8</string>
</dict>
</plist>
